
Microsoft Visual Studio Solution File, Format Version 12.00
# Visual Studio Version 17
VisualStudioVersion = 17.4.33205.214
MinimumVisualStudioVersion = 10.0.40219.1
Project("{FAE04EC0-301F-11D3-BF4B-00C04F79EFBC}") = "Kutse_App", "Kutse_App.csproj", "{CC56ADE9-181B-4C43-A3BA-A37FBB1E29E4}"
EndProject
Global
	GlobalSection(SolutionConfigurationPlatforms) = preSolution
		Debug|Any CPU = Debug|Any CPU
		Release|Any CPU = Release|Any CPU
	EndGlobalSection
	GlobalSection(ProjectConfigurationPlatforms) = postSolution
		{CC56ADE9-181B-4C43-A3BA-A37FBB1E29E4}.Debug|Any CPU.ActiveCfg = Debug|Any CPU
		{CC56ADE9-181B-4C43-A3BA-A37FBB1E29E4}.Debug|Any CPU.Build.0 = Debug|Any CPU
		{CC56ADE9-181B-4C43-A3BA-A37FBB1E29E4}.Release|Any CPU.ActiveCfg = Release|Any CPU
		{CC56ADE9-181B-4C43-A3BA-A37FBB1E29E4}.Release|Any CPU.Build.0 = Release|Any CPU
	EndGlobalSection
	GlobalSection(SolutionProperties) = preSolution
		HideSolutionNode = FALSE
	EndGlobalSection
	GlobalSection(ExtensibilityGlobals) = postSolution
		SolutionGuid = {C0E85F30-2A1F-43BA-9A25-4772485C60AB}
	EndGlobalSection
EndGlobal
